// !$*UTF8*$!
{
	archiveVersion = 1;
	classes = {
	};
	objectVersion = 77;
	objects = {

/* Begin PBXBuildFile section */
		534C99DD301D141E00982568 /* ZsignSwift in Frameworks */ = {isa = PBXBuildFile; productRef = A1000000000000000000A0 /* ZsignSwift */; };
		534C99DE301D141E00982568 /* zsign in Frameworks */ = {isa = PBXBuildFile; productRef = A100000000000000000140 /* zsign */; };
		534C99DF301D141E00982568 /* IDeviceSwift in Frameworks */ = {isa = PBXBuildFile; productRef = A1000000000000000000B0 /* IDeviceSwift */; };
/* End PBXBuildFile section */

/* Begin PBXFileReference section */
		A100000000000000000050 /* Vendor.app */ = {isa = PBXFileReference; explicitFileType = wrapper.application; includeInIndex = 0; path = Vendor.app; sourceTree = BUILT_PRODUCTS_DIR; };
/* End PBXFileReference section */

/* Begin PBXFileSystemSynchronizedRootGroup section */
		A100000000000000000010 /* Vendor */ = {
			isa = PBXFileSystemSynchronizedRootGroup;
			path = Vendor;
			sourceTree = "<group>";
		};
/* End PBXFileSystemSynchronizedRootGroup section */

/* Begin PBXFrameworksBuildPhase section */
		A100000000000000000020 /* Frameworks */ = {
			isa = PBXFrameworksBuildPhase;
			buildActionMask = 2147483647;
			files = (
				534C99DF301D141E00982568 /* IDeviceSwift in Frameworks */,
				534C99DE301D141E00982568 /* zsign in Frameworks */,
				534C99DD301D141E00982568 /* ZsignSwift in Frameworks */,
			);
			runOnlyForDeploymentPostprocessing = 0;
		};
/* End PBXFrameworksBuildPhase section */

/* Begin PBXGroup section */
		A100000000000000000030 = {
			isa = PBXGroup;
			children = (
				A100000000000000000010 /* Vendor */,
				A100000000000000000040 /* Products */,
			);
			sourceTree = "<group>";
		};
		A100000000000000000040 /* Products */ = {
			isa = PBXGroup;
			children = (
				A100000000000000000050 /* Vendor.app */,
			);
			name = Products;
			sourceTree = "<group>";
		};
/* End PBXGroup section */

/* Begin PBXNativeTarget section */
		A100000000000000000060 /* Vendor */ = {
			isa = PBXNativeTarget;
			buildConfigurationList = A100000000000000000070 /* Build configuration list for PBXNativeTarget "Vendor" */;
			buildPhases = (
				A100000000000000000080 /* Sources */,
				A100000000000000000020 /* Frameworks */,
				A100000000000000000090 /* Resources */,
			);
			buildRules = (
			);
			dependencies = (
			);
			fileSystemSynchronizedGroups = (
				A100000000000000000010 /* Vendor */,
			);
			name = Vendor;
			packageProductDependencies = (
				A1000000000000000000A0 /* ZsignSwift */,
				A100000000000000000140 /* zsign */,
				A1000000000000000000B0 /* IDeviceSwift */,
			);
			productName = Vendor;
			productReference = A100000000000000000050 /* Vendor.app */;
			productType = "com.apple.product-type.application";
		};
/* End PBXNativeTarget section */

/* Begin PBXProject section */
		A1000000000000000000C0 /* Project object */ = {
			isa = PBXProject;
			attributes = {
				BuildIndependentTargetsInParallel = 1;
				LastSwiftUpdateCheck = 2660;
				LastUpgradeCheck = 2660;
				TargetAttributes = {
					A100000000000000000060 = {
						CreatedOnToolsVersion = 26.6;
					};
				};
			};
			buildConfigurationList = A1000000000000000000D0 /* Build configuration list for PBXProject "Vendor" */;
			developmentRegion = en;
			hasScannedForEncodings = 0;
			knownRegions = (
				en,
				Base,
			);
			mainGroup = A100000000000000000030;
			minimizedProjectReferenceProxies = 1;
			packageReferences = (
				A1000000000000000000E0 /* XCRemoteSwiftPackageReference "Zsign-Package" */,
				A1000000000000000000F0 /* XCRemoteSwiftPackageReference "IDeviceKit" */,
			);
			preferredProjectObjectVersion = 77;
			productRefGroup = A100000000000000000040 /* Products */;
			projectDirPath = "";
			projectRoot = "";
			targets = (
				A100000000000000000060 /* Vendor */,
			);
		};
/* End PBXProject section */

/* Begin PBXResourcesBuildPhase section */
		A100000000000000000090 /* Resources */ = {
			isa = PBXResourcesBuildPhase;
			buildActionMask = 2147483647;
			files = (
			);
			runOnlyForDeploymentPostprocessing = 0;
		};
/* End PBXResourcesBuildPhase section */

/* Begin PBXSourcesBuildPhase section */
		A100000000000000000080 /* Sources */ = {
			isa = PBXSourcesBuildPhase;
			buildActionMask = 2147483647;
			files = (
			);
			runOnlyForDeploymentPostprocessing = 0;
		};
/* End PBXSourcesBuildPhase section */

/* Begin XCBuildConfiguration section */
		A100000000000000000100 /* Debug */ = {
			isa = XCBuildConfiguration;
			buildSettings = {
				ALWAYS_SEARCH_USER_PATHS = NO;
				CLANG_ENABLE_MODULES = YES;
				CLANG_ENABLE_OBJC_ARC = YES;
				COPY_PHASE_STRIP = NO;
				DEBUG_INFORMATION_FORMAT = dwarf;
				ENABLE_STRICT_OBJC_MSGSEND = YES;
				ENABLE_TESTABILITY = YES;
				GCC_DYNAMIC_NO_PIC = NO;
				GCC_OPTIMIZATION_LEVEL = 0;
				GCC_PREPROCESSOR_DEFINITIONS = (
					"DEBUG=1",
					"$(inherited)",
				);
				IPHONEOS_DEPLOYMENT_TARGET = 17.0;
				MTL_ENABLE_DEBUG_INFO = INCLUDE_SOURCE;
				ONLY_ACTIVE_ARCH = YES;
				SDKROOT = iphoneos;
				SWIFT_ACTIVE_COMPILATION_CONDITIONS = "DEBUG $(inherited)";
				SWIFT_OPTIMIZATION_LEVEL = "-Onone";
				SWIFT_VERSION = 5.0;
			};
			name = Debug;
		};
		A100000000000000000110 /* Release */ = {
			isa = XCBuildConfiguration;
			buildSettings = {
				ALWAYS_SEARCH_USER_PATHS = NO;
				CLANG_ENABLE_MODULES = YES;
				CLANG_ENABLE_OBJC_ARC = YES;
				COPY_PHASE_STRIP = NO;
				DEBUG_INFORMATION_FORMAT = "dwarf-with-dsym";
				ENABLE_NS_ASSERTIONS = NO;
				ENABLE_STRICT_OBJC_MSGSEND = YES;
				GCC_C_LANGUAGE_STANDARD = gnu17;
				IPHONEOS_DEPLOYMENT_TARGET = 17.0;
				MTL_ENABLE_DEBUG_INFO = NO;
				SDKROOT = iphoneos;
				SWIFT_COMPILATION_MODE = wholemodule;
				SWIFT_VERSION = 5.0;
				VALIDATE_PRODUCT = YES;
			};
			name = Release;
		};
		A100000000000000000120 /* Debug */ = {
			isa = XCBuildConfiguration;
			buildSettings = {
				ASSETCATALOG_COMPILER_APPICON_NAME = AppIcon;
				ASSETCATALOG_COMPILER_GENERATE_ASSET_SYMBOL_FRAMEWORKS = SwiftUI;
				CODE_SIGN_STYLE = Automatic;
				CURRENT_PROJECT_VERSION = 12;
				DEVELOPMENT_TEAM = 8S6AXDM4LP;
				ENABLE_PREVIEWS = YES;
				GENERATE_INFOPLIST_FILE = YES;
				INFOPLIST_KEY_CFBundleDisplayName = Vendor;
				INFOPLIST_KEY_LSSupportsOpeningDocumentsInPlace = YES;
				INFOPLIST_KEY_UIApplicationSupportsIndirectInputEvents = YES;
				INFOPLIST_KEY_UIFileSharingEnabled = YES;
				INFOPLIST_KEY_UILaunchScreen_Generation = YES;
				INFOPLIST_KEY_UISupportedInterfaceOrientations = "UIInterfaceOrientationPortrait UIInterfaceOrientationLandscapeLeft UIInterfaceOrientationLandscapeRight";
				INFOPLIST_KEY_UISupportedInterfaceOrientations_iPad = "UIInterfaceOrientationPortrait UIInterfaceOrientationPortraitUpsideDown UIInterfaceOrientationLandscapeLeft UIInterfaceOrientationLandscapeRight";
				IPHONEOS_DEPLOYMENT_TARGET = 17.0;
				LD_RUNPATH_SEARCH_PATHS = (
					"$(inherited)",
					"@executable_path/Frameworks",
				);
				MARKETING_VERSION = 0.3.0;
				PRODUCT_BUNDLE_IDENTIFIER = com.leonardob8777bit.vendor.app;
				PRODUCT_NAME = "$(TARGET_NAME)";
				SWIFT_EMIT_LOC_STRINGS = YES;
				SWIFT_VERSION = 5.0;
				TARGETED_DEVICE_FAMILY = "1,2";
			};
			name = Debug;
		};
		A100000000000000000130 /* Release */ = {
			isa = XCBuildConfiguration;
			buildSettings = {
				ASSETCATALOG_COMPILER_APPICON_NAME = AppIcon;
				ASSETCATALOG_COMPILER_GENERATE_ASSET_SYMBOL_FRAMEWORKS = SwiftUI;
				CODE_SIGN_STYLE = Automatic;
				CURRENT_PROJECT_VERSION = 12;
				DEVELOPMENT_TEAM = 8S6AXDM4LP;
				ENABLE_PREVIEWS = YES;
				GENERATE_INFOPLIST_FILE = YES;
				INFOPLIST_KEY_CFBundleDisplayName = Vendor;
				INFOPLIST_KEY_LSSupportsOpeningDocumentsInPlace = YES;
				INFOPLIST_KEY_UIApplicationSupportsIndirectInputEvents = YES;
				INFOPLIST_KEY_UIFileSharingEnabled = YES;
				INFOPLIST_KEY_UILaunchScreen_Generation = YES;
				INFOPLIST_KEY_UISupportedInterfaceOrientations = "UIInterfaceOrientationPortrait UIInterfaceOrientationLandscapeLeft UIInterfaceOrientationLandscapeRight";
				INFOPLIST_KEY_UISupportedInterfaceOrientations_iPad = "UIInterfaceOrientationPortrait UIInterfaceOrientationPortraitUpsideDown UIInterfaceOrientationLandscapeLeft UIInterfaceOrientationLandscapeRight";
				IPHONEOS_DEPLOYMENT_TARGET = 17.0;
				LD_RUNPATH_SEARCH_PATHS = (
					"$(inherited)",
					"@executable_path/Frameworks",
				);
				MARKETING_VERSION = 0.3.0;
				PRODUCT_BUNDLE_IDENTIFIER = com.leonardob8777bit.vendor.app;
				PRODUCT_NAME = "$(TARGET_NAME)";
				SWIFT_EMIT_LOC_STRINGS = YES;
				SWIFT_VERSION = 5.0;
				TARGETED_DEVICE_FAMILY = "1,2";
			};
			name = Release;
		};
/* End XCBuildConfiguration section */

/* Begin XCConfigurationList section */
		A100000000000000000070 /* Build configuration list for PBXNativeTarget "Vendor" */ = {
			isa = XCConfigurationList;
			buildConfigurations = (
				A100000000000000000120 /* Debug */,
				A100000000000000000130 /* Release */,
			);
			defaultConfigurationIsVisible = 0;
			defaultConfigurationName = Release;
		};
		A1000000000000000000D0 /* Build configuration list for PBXProject "Vendor" */ = {
			isa = XCConfigurationList;
			buildConfigurations = (
				A100000000000000000100 /* Debug */,
				A100000000000000000110 /* Release */,
			);
			defaultConfigurationIsVisible = 0;
			defaultConfigurationName = Release;
		};
/* End XCConfigurationList section */

/* Begin XCRemoteSwiftPackageReference section */
		A1000000000000000000E0 /* XCRemoteSwiftPackageReference "Zsign-Package" */ = {
			isa = XCRemoteSwiftPackageReference;
			repositoryURL = "https://github.com/khcrysalis/Zsign-Package";
			requirement = {
				kind = revision;
				revision = 6ffe703df73ef9069adacdbb19d571f11a69a801;
			};
		};
		A1000000000000000000F0 /* XCRemoteSwiftPackageReference "IDeviceKit" */ = {
			isa = XCRemoteSwiftPackageReference;
			repositoryURL = "https://github.com/khcrysalis/IDeviceKit";
			requirement = {
				kind = revision;
				revision = 837cf1e14d4875771dd5ee1b754a4c86215c5db3;
			};
		};
/* End XCRemoteSwiftPackageReference section */

/* Begin XCSwiftPackageProductDependency section */
		A1000000000000000000A0 /* ZsignSwift */ = {
			isa = XCSwiftPackageProductDependency;
			package = A1000000000000000000E0 /* XCRemoteSwiftPackageReference "Zsign-Package" */;
			productName = ZsignSwift;
		};
		A1000000000000000000B0 /* IDeviceSwift */ = {
			isa = XCSwiftPackageProductDependency;
			package = A1000000000000000000F0 /* XCRemoteSwiftPackageReference "IDeviceKit" */;
			productName = IDeviceSwift;
		};
		A100000000000000000140 /* zsign */ = {
			isa = XCSwiftPackageProductDependency;
			package = A1000000000000000000E0 /* XCRemoteSwiftPackageReference "Zsign-Package" */;
			productName = zsign;
		};
/* End XCSwiftPackageProductDependency section */
	};
	rootObject = A1000000000000000000C0 /* Project object */;
}
